// !$*UTF8*$!
{
	archiveVersion = 1;
	classes = {
	};
	objectVersion = 50;
	objects = {

/* Begin PBXBuildFile section */
		1A620D2919B6ECCD374CDB28 /* Pods_QuitSmokingTests.framework in Frameworks */ = {isa = PBXBuildFile; fileRef = DD9AAEDE5D9A545CC4415672 /* Pods_QuitSmokingTests.framework */; };
		35530CF6212ABF5F00A173D6 /* AppDelegate.swift in Sources */ = {isa = PBXBuildFile; fileRef = 35530CF5212ABF5F00A173D6 /* AppDelegate.swift */; };
		35530CF8212ABF5F00A173D6 /* MainViewController.swift in Sources */ = {isa = PBXBuildFile; fileRef = 35530CF7212ABF5F00A173D6 /* MainViewController.swift */; };
		35530CFB212ABF5F00A173D6 /* Main.storyboard in Resources */ = {isa = PBXBuildFile; fileRef = 35530CF9212ABF5F00A173D6 /* Main.storyboard */; };
		35530CFE212ABF5F00A173D6 /* QuitSmoking.xcdatamodeld in Sources */ = {isa = PBXBuildFile; fileRef = 35530CFC212ABF5F00A173D6 /* QuitSmoking.xcdatamodeld */; };
		35530D00212ABF6000A173D6 /* Assets.xcassets in Resources */ = {isa = PBXBuildFile; fileRef = 35530CFF212ABF6000A173D6 /* Assets.xcassets */; };
		35530D03212ABF6000A173D6 /* LaunchScreen.storyboard in Resources */ = {isa = PBXBuildFile; fileRef = 35530D01212ABF6000A173D6 /* LaunchScreen.storyboard */; };
		35530D0E212ABF6000A173D6 /* QuitSmokingTests.swift in Sources */ = {isa = PBXBuildFile; fileRef = 35530D0D212ABF6000A173D6 /* QuitSmokingTests.swift */; };
		35530D19212ABF6000A173D6 /* QuitSmokingUITests.swift in Sources */ = {isa = PBXBuildFile; fileRef = 35530D18212ABF6000A173D6 /* QuitSmokingUITests.swift */; };
		3560614D219AD68800E7CBA3 /* CigaretteTableHandler.swift in Sources */ = {isa = PBXBuildFile; fileRef = 3560614C219AD68800E7CBA3 /* CigaretteTableHandler.swift */; };
		357543D7219062D400C0BC68 /* UserInformationViewController.swift in Sources */ = {isa = PBXBuildFile; fileRef = 357543D6219062D400C0BC68 /* UserInformationViewController.swift */; };
		357ACC13219ADE9700BCB73F /* UserTableHandler.swift in Sources */ = {isa = PBXBuildFile; fileRef = 357ACC12219ADE9700BCB73F /* UserTableHandler.swift */; };
		35BCD7F9219C475B00FEC81A /* SegueFromLeft.swift in Sources */ = {isa = PBXBuildFile; fileRef = 35BCD7F8219C475B00FEC81A /* SegueFromLeft.swift */; };
		35BCD7FB219C482C00FEC81A /* SegueFromRight.swift in Sources */ = {isa = PBXBuildFile; fileRef = 35BCD7FA219C482C00FEC81A /* SegueFromRight.swift */; };
		35C8142B219D9AA90044F87C /* cigarettes.db in Resources */ = {isa = PBXBuildFile; fileRef = 35C8142A219D9AA90044F87C /* cigarettes.db */; };
		35FF4D18219180A700EB65D6 /* TableHandler.swift in Sources */ = {isa = PBXBuildFile; fileRef = 35FF4D17219180A700EB65D6 /* TableHandler.swift */; };
		38624E6F12008B6E666B39F7 /* Pods_QuitSmoking.framework in Frameworks */ = {isa = PBXBuildFile; fileRef = C4C557542E7CE6025FC69A47 /* Pods_QuitSmoking.framework */; };
		95FB7B562F992B554139B10F /* Pods_QuitSmokingUITests.framework in Frameworks */ = {isa = PBXBuildFile; fileRef = F0C1FA23064E8F3C7A6F8EB2 /* Pods_QuitSmokingUITests.framework */; };
/* End PBXBuildFile section */

/* Begin PBXContainerItemProxy section */
		35530D0A212ABF6000A173D6 /* PBXContainerItemProxy */ = {
			isa = PBXContainerItemProxy;
			containerPortal = 35530CEA212ABF5F00A173D6 /* Project object */;
			proxyType = 1;
			remoteGlobalIDString = 35530CF1212ABF5F00A173D6;
			remoteInfo = QuitSmoking;
		};
		35530D15212ABF6000A173D6 /* PBXContainerItemProxy */ = {
			isa = PBXContainerItemProxy;
			containerPortal = 35530CEA212ABF5F00A173D6 /* Project object */;
			proxyType = 1;
			remoteGlobalIDString = 35530CF1212ABF5F00A173D6;
			remoteInfo = QuitSmoking;
		};
/* End PBXContainerItemProxy section */

/* Begin PBXFileReference section */
		171CB07844A1183B7A913FDB /* Pods-QuitSmoking.debug.xcconfig */ = {isa = PBXFileReference; includeInIndex = 1; lastKnownFileType = text.xcconfig; name = "Pods-QuitSmoking.debug.xcconfig"; path = "Pods/Target Support Files/Pods-QuitSmoking/Pods-QuitSmoking.debug.xcconfig"; sourceTree = "<group>"; };
		19191AA4FD056F39B8E11999 /* Pods-QuitSmokingTests.debug.xcconfig */ = {isa = PBXFileReference; includeInIndex = 1; lastKnownFileType = text.xcconfig; name = "Pods-QuitSmokingTests.debug.xcconfig"; path = "Pods/Target Support Files/Pods-QuitSmokingTests/Pods-QuitSmokingTests.debug.xcconfig"; sourceTree = "<group>"; };
		35530CF2212ABF5F00A173D6 /* QuitSmoking.app */ = {isa = PBXFileReference; explicitFileType = wrapper.application; includeInIndex = 0; path = QuitSmoking.app; sourceTree = BUILT_PRODUCTS_DIR; };
		35530CF5212ABF5F00A173D6 /* AppDelegate.swift */ = {isa = PBXFileReference; lastKnownFileType = sourcecode.swift; path = AppDelegate.swift; sourceTree = "<group>"; };
		35530CF7212ABF5F00A173D6 /* MainViewController.swift */ = {isa = PBXFileReference; lastKnownFileType = sourcecode.swift; path = MainViewController.swift; sourceTree = "<group>"; };
		35530CFA212ABF5F00A173D6 /* Base */ = {isa = PBXFileReference; lastKnownFileType = file.storyboard; name = Base; path = Base.lproj/Main.storyboard; sourceTree = "<group>"; };
		35530CFD212ABF5F00A173D6 /* QuitSmoking.xcdatamodel */ = {isa = PBXFileReference; lastKnownFileType = wrapper.xcdatamodel; path = QuitSmoking.xcdatamodel; sourceTree = "<group>"; };
		35530CFF212ABF6000A173D6 /* Assets.xcassets */ = {isa = PBXFileReference; lastKnownFileType = folder.assetcatalog; path = Assets.xcassets; sourceTree = "<group>"; };
		35530D02212ABF6000A173D6 /* Base */ = {isa = PBXFileReference; lastKnownFileType = file.storyboard; name = Base; path = Base.lproj/LaunchScreen.storyboard; sourceTree = "<group>"; };
		35530D04212ABF6000A173D6 /* Info.plist */ = {isa = PBXFileReference; lastKnownFileType = text.plist.xml; path = Info.plist; sourceTree = "<group>"; };
		35530D09212ABF6000A173D6 /* QuitSmokingTests.xctest */ = {isa = PBXFileReference; explicitFileType = wrapper.cfbundle; includeInIndex = 0; path = QuitSmokingTests.xctest; sourceTree = BUILT_PRODUCTS_DIR; };
		35530D0D212ABF6000A173D6 /* QuitSmokingTests.swift */ = {isa = PBXFileReference; lastKnownFileType = sourcecode.swift; path = QuitSmokingTests.swift; sourceTree = "<group>"; };
		35530D0F212ABF6000A173D6 /* Info.plist */ = {isa = PBXFileReference; lastKnownFileType = text.plist.xml; path = Info.plist; sourceTree = "<group>"; };
		35530D14212ABF6000A173D6 /* QuitSmokingUITests.xctest */ = {isa = PBXFileReference; explicitFileType = wrapper.cfbundle; includeInIndex = 0; path = QuitSmokingUITests.xctest; sourceTree = BUILT_PRODUCTS_DIR; };
		35530D18212ABF6000A173D6 /* QuitSmokingUITests.swift */ = {isa = PBXFileReference; lastKnownFileType = sourcecode.swift; path = QuitSmokingUITests.swift; sourceTree = "<group>"; };
		35530D1A212ABF6000A173D6 /* Info.plist */ = {isa = PBXFileReference; lastKnownFileType = text.plist.xml; path = Info.plist; sourceTree = "<group>"; };
		3560614C219AD68800E7CBA3 /* CigaretteTableHandler.swift */ = {isa = PBXFileReference; lastKnownFileType = sourcecode.swift; path = CigaretteTableHandler.swift; sourceTree = "<group>"; };
		357543D6219062D400C0BC68 /* UserInformationViewController.swift */ = {isa = PBXFileReference; lastKnownFileType = sourcecode.swift; path = UserInformationViewController.swift; sourceTree = "<group>"; };
		357ACC12219ADE9700BCB73F /* UserTableHandler.swift */ = {isa = PBXFileReference; lastKnownFileType = sourcecode.swift; path = UserTableHandler.swift; sourceTree = "<group>"; };
		35BCD7F8219C475B00FEC81A /* SegueFromLeft.swift */ = {isa = PBXFileReference; lastKnownFileType = sourcecode.swift; path = SegueFromLeft.swift; sourceTree = "<group>"; };
		35BCD7FA219C482C00FEC81A /* SegueFromRight.swift */ = {isa = PBXFileReference; lastKnownFileType = sourcecode.swift; path = SegueFromRight.swift; sourceTree = "<group>"; };
		35C81425219D98D00044F87C /* cigarettes.db */ = {isa = PBXFileReference; lastKnownFileType = file; name = cigarettes.db; path = QuitSmoking/Library/Database/cigarettes.db; sourceTree = "<group>"; };
		35C8142A219D9AA90044F87C /* cigarettes.db */ = {isa = PBXFileReference; lastKnownFileType = file; name = cigarettes.db; path = QuitSmoking/Library/Database/cigarettes.db; sourceTree = "<group>"; };
		35FF4D17219180A700EB65D6 /* TableHandler.swift */ = {isa = PBXFileReference; lastKnownFileType = sourcecode.swift; path = TableHandler.swift; sourceTree = "<group>"; };
		9009B57933D8CB9765BA67F4 /* Pods-QuitSmoking.release.xcconfig */ = {isa = PBXFileReference; includeInIndex = 1; lastKnownFileType = text.xcconfig; name = "Pods-QuitSmoking.release.xcconfig"; path = "Pods/Target Support Files/Pods-QuitSmoking/Pods-QuitSmoking.release.xcconfig"; sourceTree = "<group>"; };
		92493D9E366FE965DCFFDCC6 /* Pods-QuitSmokingUITests.release.xcconfig */ = {isa = PBXFileReference; includeInIndex = 1; lastKnownFileType = text.xcconfig; name = "Pods-QuitSmokingUITests.release.xcconfig"; path = "Pods/Target Support Files/Pods-QuitSmokingUITests/Pods-QuitSmokingUITests.release.xcconfig"; sourceTree = "<group>"; };
		C4C557542E7CE6025FC69A47 /* Pods_QuitSmoking.framework */ = {isa = PBXFileReference; explicitFileType = wrapper.framework; includeInIndex = 0; path = Pods_QuitSmoking.framework; sourceTree = BUILT_PRODUCTS_DIR; };
		D33AB0E3D6D7965B8CE8C7CC /* Pods-QuitSmokingUITests.debug.xcconfig */ = {isa = PBXFileReference; includeInIndex = 1; lastKnownFileType = text.xcconfig; name = "Pods-QuitSmokingUITests.debug.xcconfig"; path = "Pods/Target Support Files/Pods-QuitSmokingUITests/Pods-QuitSmokingUITests.debug.xcconfig"; sourceTree = "<group>"; };
		DC600010F0AAF448B080A4EE /* Pods-QuitSmokingTests.release.xcconfig */ = {isa = PBXFileReference; includeInIndex = 1; lastKnownFileType = text.xcconfig; name = "Pods-QuitSmokingTests.release.xcconfig"; path = "Pods/Target Support Files/Pods-QuitSmokingTests/Pods-QuitSmokingTests.release.xcconfig"; sourceTree = "<group>"; };
		DD9AAEDE5D9A545CC4415672 /* Pods_QuitSmokingTests.framework */ = {isa = PBXFileReference; explicitFileType = wrapper.framework; includeInIndex = 0; path = Pods_QuitSmokingTests.framework; sourceTree = BUILT_PRODUCTS_DIR; };
		F0C1FA23064E8F3C7A6F8EB2 /* Pods_QuitSmokingUITests.framework */ = {isa = PBXFileReference; explicitFileType = wrapper.framework; includeInIndex = 0; path = Pods_QuitSmokingUITests.framework; sourceTree = BUILT_PRODUCTS_DIR; };
/* End PBXFileReference section */

/* Begin PBXFrameworksBuildPhase section */
		35530CEF212ABF5F00A173D6 /* Frameworks */ = {
			isa = PBXFrameworksBuildPhase;
			buildActionMask = 2147483647;
			files = (
				38624E6F12008B6E666B39F7 /* Pods_QuitSmoking.framework in Frameworks */,
			);
			runOnlyForDeploymentPostprocessing = 0;
		};
		35530D06212ABF6000A173D6 /* Frameworks */ = {
			isa = PBXFrameworksBuildPhase;
			buildActionMask = 2147483647;
			files = (
				1A620D2919B6ECCD374CDB28 /* Pods_QuitSmokingTests.framework in Frameworks */,
			);
			runOnlyForDeploymentPostprocessing = 0;
		};
		35530D11212ABF6000A173D6 /* Frameworks */ = {
			isa = PBXFrameworksBuildPhase;
			buildActionMask = 2147483647;
			files = (
				95FB7B562F992B554139B10F /* Pods_QuitSmokingUITests.framework in Frameworks */,
			);
			runOnlyForDeploymentPostprocessing = 0;
		};
/* End PBXFrameworksBuildPhase section */

/* Begin PBXGroup section */
		0A7312C5C12716E6125D12AC /* Pods */ = {
			isa = PBXGroup;
			children = (
				171CB07844A1183B7A913FDB /* Pods-QuitSmoking.debug.xcconfig */,
				9009B57933D8CB9765BA67F4 /* Pods-QuitSmoking.release.xcconfig */,
				19191AA4FD056F39B8E11999 /* Pods-QuitSmokingTests.debug.xcconfig */,
				DC600010F0AAF448B080A4EE /* Pods-QuitSmokingTests.release.xcconfig */,
				D33AB0E3D6D7965B8CE8C7CC /* Pods-QuitSmokingUITests.debug.xcconfig */,
				92493D9E366FE965DCFFDCC6 /* Pods-QuitSmokingUITests.release.xcconfig */,
			);
			name = Pods;
			sourceTree = "<group>";
		};
		35530CE9212ABF5F00A173D6 = {
			isa = PBXGroup;
			children = (
				35C8142A219D9AA90044F87C /* cigarettes.db */,
				35530CF4212ABF5F00A173D6 /* QuitSmoking */,
				35530D0C212ABF6000A173D6 /* QuitSmokingTests */,
				35530D17212ABF6000A173D6 /* QuitSmokingUITests */,
				35530CF3212ABF5F00A173D6 /* Products */,
				0A7312C5C12716E6125D12AC /* Pods */,
				B22030DA739BEF2E86FC5978 /* Frameworks */,
			);
			sourceTree = "<group>";
		};
		35530CF3212ABF5F00A173D6 /* Products */ = {
			isa = PBXGroup;
			children = (
				35530CF2212ABF5F00A173D6 /* QuitSmoking.app */,
				35530D09212ABF6000A173D6 /* QuitSmokingTests.xctest */,
				35530D14212ABF6000A173D6 /* QuitSmokingUITests.xctest */,
			);
			name = Products;
			sourceTree = "<group>";
		};
		35530CF4212ABF5F00A173D6 /* QuitSmoking */ = {
			isa = PBXGroup;
			children = (
				35530CF5212ABF5F00A173D6 /* AppDelegate.swift */,
				35530CF9212ABF5F00A173D6 /* Main.storyboard */,
				35530CFF212ABF6000A173D6 /* Assets.xcassets */,
				35530D01212ABF6000A173D6 /* LaunchScreen.storyboard */,
				35530D04212ABF6000A173D6 /* Info.plist */,
				35530CFC212ABF5F00A173D6 /* QuitSmoking.xcdatamodeld */,
				357543D6219062D400C0BC68 /* UserInformationViewController.swift */,
				35FF4D17219180A700EB65D6 /* TableHandler.swift */,
				35530CF7212ABF5F00A173D6 /* MainViewController.swift */,
				3560614C219AD68800E7CBA3 /* CigaretteTableHandler.swift */,
				357ACC12219ADE9700BCB73F /* UserTableHandler.swift */,
				35BCD7F8219C475B00FEC81A /* SegueFromLeft.swift */,
				35BCD7FA219C482C00FEC81A /* SegueFromRight.swift */,
			);
			path = QuitSmoking;
			sourceTree = "<group>";
		};
		35530D0C212ABF6000A173D6 /* QuitSmokingTests */ = {
			isa = PBXGroup;
			children = (
				35530D0D212ABF6000A173D6 /* QuitSmokingTests.swift */,
				35530D0F212ABF6000A173D6 /* Info.plist */,
			);
			path = QuitSmokingTests;
			sourceTree = "<group>";
		};
		35530D17212ABF6000A173D6 /* QuitSmokingUITests */ = {
			isa = PBXGroup;
			children = (
				35530D18212ABF6000A173D6 /* QuitSmokingUITests.swift */,
				35530D1A212ABF6000A173D6 /* Info.plist */,
			);
			path = QuitSmokingUITests;
			sourceTree = "<group>";
		};
		B22030DA739BEF2E86FC5978 /* Frameworks */ = {
			isa = PBXGroup;
			children = (
				35C81425219D98D00044F87C /* cigarettes.db */,
				C4C557542E7CE6025FC69A47 /* Pods_QuitSmoking.framework */,
				DD9AAEDE5D9A545CC4415672 /* Pods_QuitSmokingTests.framework */,
				F0C1FA23064E8F3C7A6F8EB2 /* Pods_QuitSmokingUITests.framework */,
			);
			name = Frameworks;
			sourceTree = "<group>";
		};
/* End PBXGroup section */

/* Begin PBXNativeTarget section */
		35530CF1212ABF5F00A173D6 /* QuitSmoking */ = {
			isa = PBXNativeTarget;
			buildConfigurationList = 35530D1D212ABF6000A173D6 /* Build configuration list for PBXNativeTarget "QuitSmoking" */;
			buildPhases = (
				0AE1FF912F50F44CB768E9EF /* [CP] Check Pods Manifest.lock */,
				35530CEE212ABF5F00A173D6 /* Sources */,
				35530CEF212ABF5F00A173D6 /* Frameworks */,
				35530CF0212ABF5F00A173D6 /* Resources */,
				350A38F81FA8F939BD8EFCF6 /* [CP] Embed Pods Frameworks */,
			);
			buildRules = (
			);
			dependencies = (
			);
			name = QuitSmoking;
			productName = QuitSmoking;
			productReference = 35530CF2212ABF5F00A173D6 /* QuitSmoking.app */;
			productType = "com.apple.product-type.application";
		};
		35530D08212ABF6000A173D6 /* QuitSmokingTests */ = {
			isa = PBXNativeTarget;
			buildConfigurationList = 35530D20212ABF6000A173D6 /* Build configuration list for PBXNativeTarget "QuitSmokingTests" */;
			buildPhases = (
				F610A23E190490B6FA47ED69 /* [CP] Check Pods Manifest.lock */,
				35530D05212ABF6000A173D6 /* Sources */,
				35530D06212ABF6000A173D6 /* Frameworks */,
				35530D07212ABF6000A173D6 /* Resources */,
				C41AF95B6B9E6D6D2B303A9B /* [CP] Embed Pods Frameworks */,
			);
			buildRules = (
			);
			dependencies = (
				35530D0B212ABF6000A173D6 /* PBXTargetDependency */,
			);
			name = QuitSmokingTests;
			productName = QuitSmokingTests;
			productReference = 35530D09212ABF6000A173D6 /* QuitSmokingTests.xctest */;
			productType = "com.apple.product-type.bundle.unit-test";
		};
		35530D13212ABF6000A173D6 /* QuitSmokingUITests */ = {
			isa = PBXNativeTarget;
			buildConfigurationList = 35530D23212ABF6000A173D6 /* Build configuration list for PBXNativeTarget "QuitSmokingUITests" */;
			buildPhases = (
				BEA7A7390C45F2F2BC836EB3 /* [CP] Check Pods Manifest.lock */,
				35530D10212ABF6000A173D6 /* Sources */,
				35530D11212ABF6000A173D6 /* Frameworks */,
				35530D12212ABF6000A173D6 /* Resources */,
				D6C46CFF22076FE676003BC2 /* [CP] Embed Pods Frameworks */,
			);
			buildRules = (
			);
			dependencies = (
				35530D16212ABF6000A173D6 /* PBXTargetDependency */,
			);
			name = QuitSmokingUITests;
			productName = QuitSmokingUITests;
			productReference = 35530D14212ABF6000A173D6 /* QuitSmokingUITests.xctest */;
			productType = "com.apple.product-type.bundle.ui-testing";
		};
/* End PBXNativeTarget section */

/* Begin PBXProject section */
		35530CEA212ABF5F00A173D6 /* Project object */ = {
			isa = PBXProject;
			attributes = {
				KnownAssetTags = (
					New,
				);
				LastSwiftUpdateCheck = 0940;
				LastUpgradeCheck = 0940;
				ORGANIZATIONNAME = DreamTeam;
				TargetAttributes = {
					35530CF1212ABF5F00A173D6 = {
						CreatedOnToolsVersion = 9.4.1;
						LastSwiftMigration = 1010;
					};
					35530D08212ABF6000A173D6 = {
						CreatedOnToolsVersion = 9.4.1;
						LastSwiftMigration = 1010;
						TestTargetID = 35530CF1212ABF5F00A173D6;
					};
					35530D13212ABF6000A173D6 = {
						CreatedOnToolsVersion = 9.4.1;
						LastSwiftMigration = 1010;
						TestTargetID = 35530CF1212ABF5F00A173D6;
					};
				};
			};
			buildConfigurationList = 35530CED212ABF5F00A173D6 /* Build configuration list for PBXProject "QuitSmoking" */;
			compatibilityVersion = "Xcode 9.3";
			developmentRegion = en;
			hasScannedForEncodings = 0;
			knownRegions = (
				en,
				Base,
			);
			mainGroup = 35530CE9212ABF5F00A173D6;
			productRefGroup = 35530CF3212ABF5F00A173D6 /* Products */;
			projectDirPath = "";
			projectRoot = "";
			targets = (
				35530CF1212ABF5F00A173D6 /* QuitSmoking */,
				35530D08212ABF6000A173D6 /* QuitSmokingTests */,
				35530D13212ABF6000A173D6 /* QuitSmokingUITests */,
			);
		};
/* End PBXProject section */

/* Begin PBXResourcesBuildPhase section */
		35530CF0212ABF5F00A173D6 /* Resources */ = {
			isa = PBXResourcesBuildPhase;
			buildActionMask = 2147483647;
			files = (
				35C8142B219D9AA90044F87C /* cigarettes.db in Resources */,
				35530D03212ABF6000A173D6 /* LaunchScreen.storyboard in Resources */,
				35530D00212ABF6000A173D6 /* Assets.xcassets in Resources */,
				35530CFB212ABF5F00A173D6 /* Main.storyboard in Resources */,
			);
			runOnlyForDeploymentPostprocessing = 0;
		};
		35530D07212ABF6000A173D6 /* Resources */ = {
			isa = PBXResourcesBuildPhase;
			buildActionMask = 2147483647;
			files = (
			);
			runOnlyForDeploymentPostprocessing = 0;
		};
		35530D12212ABF6000A173D6 /* Resources */ = {
			isa = PBXResourcesBuildPhase;
			buildActionMask = 2147483647;
			files = (
			);
			runOnlyForDeploymentPostprocessing = 0;
		};
/* End PBXResourcesBuildPhase section */

/* Begin PBXShellScriptBuildPhase section */
		0AE1FF912F50F44CB768E9EF /* [CP] Check Pods Manifest.lock */ = {
			isa = PBXShellScriptBuildPhase;
			buildActionMask = 2147483647;
			files = (
			);
			inputPaths = (
				"${PODS_PODFILE_DIR_PATH}/Podfile.lock",
				"${PODS_ROOT}/Manifest.lock",
			);
			name = "[CP] Check Pods Manifest.lock";
			outputPaths = (
				"$(DERIVED_FILE_DIR)/Pods-QuitSmoking-checkManifestLockResult.txt",
			);
			runOnlyForDeploymentPostprocessing = 0;
			shellPath = /bin/sh;
			shellScript = "diff \"${PODS_PODFILE_DIR_PATH}/Podfile.lock\" \"${PODS_ROOT}/Manifest.lock\" > /dev/null\nif [ $? != 0 ] ; then\n    # print error to STDERR\n    echo \"error: The sandbox is not in sync with the Podfile.lock. Run 'pod install' or update your CocoaPods installation.\" >&2\n    exit 1\nfi\n# This output is used by Xcode 'outputs' to avoid re-running this script phase.\necho \"SUCCESS\" > \"${SCRIPT_OUTPUT_FILE_0}\"\n";
			showEnvVarsInLog = 0;
		};
		350A38F81FA8F939BD8EFCF6 /* [CP] Embed Pods Frameworks */ = {
			isa = PBXShellScriptBuildPhase;
			buildActionMask = 2147483647;
			files = (
			);
			inputPaths = (
				"${SRCROOT}/Pods/Target Support Files/Pods-QuitSmoking/Pods-QuitSmoking-frameworks.sh",
				"${BUILT_PRODUCTS_DIR}/SQLite.swift/SQLite.framework",
			);
			name = "[CP] Embed Pods Frameworks";
			outputPaths = (
				"${TARGET_BUILD_DIR}/${FRAMEWORKS_FOLDER_PATH}/SQLite.framework",
			);
			runOnlyForDeploymentPostprocessing = 0;
			shellPath = /bin/sh;
			shellScript = "\"${SRCROOT}/Pods/Target Support Files/Pods-QuitSmoking/Pods-QuitSmoking-frameworks.sh\"\n";
			showEnvVarsInLog = 0;
		};
		BEA7A7390C45F2F2BC836EB3 /* [CP] Check Pods Manifest.lock */ = {
			isa = PBXShellScriptBuildPhase;
			buildActionMask = 2147483647;
			files = (
			);
			inputPaths = (
				"${PODS_PODFILE_DIR_PATH}/Podfile.lock",
				"${PODS_ROOT}/Manifest.lock",
			);
			name = "[CP] Check Pods Manifest.lock";
			outputPaths = (
				"$(DERIVED_FILE_DIR)/Pods-QuitSmokingUITests-checkManifestLockResult.txt",
			);
			runOnlyForDeploymentPostprocessing = 0;
			shellPath = /bin/sh;
			shellScript = "diff \"${PODS_PODFILE_DIR_PATH}/Podfile.lock\" \"${PODS_ROOT}/Manifest.lock\" > /dev/null\nif [ $? != 0 ] ; then\n    # print error to STDERR\n    echo \"error: The sandbox is not in sync with the Podfile.lock. Run 'pod install' or update your CocoaPods installation.\" >&2\n    exit 1\nfi\n# This output is used by Xcode 'outputs' to avoid re-running this script phase.\necho \"SUCCESS\" > \"${SCRIPT_OUTPUT_FILE_0}\"\n";
			showEnvVarsInLog = 0;
		};
		C41AF95B6B9E6D6D2B303A9B /* [CP] Embed Pods Frameworks */ = {
			isa = PBXShellScriptBuildPhase;
			buildActionMask = 2147483647;
			files = (
			);
			inputPaths = (
				"${SRCROOT}/Pods/Target Support Files/Pods-QuitSmokingTests/Pods-QuitSmokingTests-frameworks.sh",
				"${BUILT_PRODUCTS_DIR}/SQLite.swift/SQLite.framework",
			);
			name = "[CP] Embed Pods Frameworks";
			outputPaths = (
				"${TARGET_BUILD_DIR}/${FRAMEWORKS_FOLDER_PATH}/SQLite.framework",
			);
			runOnlyForDeploymentPostprocessing = 0;
			shellPath = /bin/sh;
			shellScript = "\"${SRCROOT}/Pods/Target Support Files/Pods-QuitSmokingTests/Pods-QuitSmokingTests-frameworks.sh\"\n";
			showEnvVarsInLog = 0;
		};
		D6C46CFF22076FE676003BC2 /* [CP] Embed Pods Frameworks */ = {
			isa = PBXShellScriptBuildPhase;
			buildActionMask = 2147483647;
			files = (
			);
			inputPaths = (
				"${SRCROOT}/Pods/Target Support Files/Pods-QuitSmokingUITests/Pods-QuitSmokingUITests-frameworks.sh",
				"${BUILT_PRODUCTS_DIR}/SQLite.swift/SQLite.framework",
			);
			name = "[CP] Embed Pods Frameworks";
			outputPaths = (
				"${TARGET_BUILD_DIR}/${FRAMEWORKS_FOLDER_PATH}/SQLite.framework",
			);
			runOnlyForDeploymentPostprocessing = 0;
			shellPath = /bin/sh;
			shellScript = "\"${SRCROOT}/Pods/Target Support Files/Pods-QuitSmokingUITests/Pods-QuitSmokingUITests-frameworks.sh\"\n";
			showEnvVarsInLog = 0;
		};
		F610A23E190490B6FA47ED69 /* [CP] Check Pods Manifest.lock */ = {
			isa = PBXShellScriptBuildPhase;
			buildActionMask = 2147483647;
			files = (
			);
			inputPaths = (
				"${PODS_PODFILE_DIR_PATH}/Podfile.lock",
				"${PODS_ROOT}/Manifest.lock",
			);
			name = "[CP] Check Pods Manifest.lock";
			outputPaths = (
				"$(DERIVED_FILE_DIR)/Pods-QuitSmokingTests-checkManifestLockResult.txt",
			);
			runOnlyForDeploymentPostprocessing = 0;
			shellPath = /bin/sh;
			shellScript = "diff \"${PODS_PODFILE_DIR_PATH}/Podfile.lock\" \"${PODS_ROOT}/Manifest.lock\" > /dev/null\nif [ $? != 0 ] ; then\n    # print error to STDERR\n    echo \"error: The sandbox is not in sync with the Podfile.lock. Run 'pod install' or update your CocoaPods installation.\" >&2\n    exit 1\nfi\n# This output is used by Xcode 'outputs' to avoid re-running this script phase.\necho \"SUCCESS\" > \"${SCRIPT_OUTPUT_FILE_0}\"\n";
			showEnvVarsInLog = 0;
		};
/* End PBXShellScriptBuildPhase section */

/* Begin PBXSourcesBuildPhase section */
		35530CEE212ABF5F00A173D6 /* Sources */ = {
			isa = PBXSourcesBuildPhase;
			buildActionMask = 2147483647;
			files = (
				35530CFE212ABF5F00A173D6 /* QuitSmoking.xcdatamodeld in Sources */,
				35530CF8212ABF5F00A173D6 /* MainViewController.swift in Sources */,
				3560614D219AD68800E7CBA3 /* CigaretteTableHandler.swift in Sources */,
				357543D7219062D400C0BC68 /* UserInformationViewController.swift in Sources */,
				35530CF6212ABF5F00A173D6 /* AppDelegate.swift in Sources */,
				357ACC13219ADE9700BCB73F /* UserTableHandler.swift in Sources */,
				35BCD7F9219C475B00FEC81A /* SegueFromLeft.swift in Sources */,
				35FF4D18219180A700EB65D6 /* TableHandler.swift in Sources */,
				35BCD7FB219C482C00FEC81A /* SegueFromRight.swift in Sources */,
			);
			runOnlyForDeploymentPostprocessing = 0;
		};
		35530D05212ABF6000A173D6 /* Sources */ = {
			isa = PBXSourcesBuildPhase;
			buildActionMask = 2147483647;
			files = (
				35530D0E212ABF6000A173D6 /* QuitSmokingTests.swift in Sources */,
			);
			runOnlyForDeploymentPostprocessing = 0;
		};
		35530D10212ABF6000A173D6 /* Sources */ = {
			isa = PBXSourcesBuildPhase;
			buildActionMask = 2147483647;
			files = (
				35530D19212ABF6000A173D6 /* QuitSmokingUITests.swift in Sources */,
			);
			runOnlyForDeploymentPostprocessing = 0;
		};
/* End PBXSourcesBuildPhase section */

/* Begin PBXTargetDependency section */
		35530D0B212ABF6000A173D6 /* PBXTargetDependency */ = {
			isa = PBXTargetDependency;
			target = 35530CF1212ABF5F00A173D6 /* QuitSmoking */;
			targetProxy = 35530D0A212ABF6000A173D6 /* PBXContainerItemProxy */;
		};
		35530D16212ABF6000A173D6 /* PBXTargetDependency */ = {
			isa = PBXTargetDependency;
			target = 35530CF1212ABF5F00A173D6 /* QuitSmoking */;
			targetProxy = 35530D15212ABF6000A173D6 /* PBXContainerItemProxy */;
		};
/* End PBXTargetDependency section */

/* Begin PBXVariantGroup section */
		35530CF9212ABF5F00A173D6 /* Main.storyboard */ = {
			isa = PBXVariantGroup;
			children = (
				35530CFA212ABF5F00A173D6 /* Base */,
			);
			name = Main.storyboard;
			sourceTree = "<group>";
		};
		35530D01212ABF6000A173D6 /* LaunchScreen.storyboard */ = {
			isa = PBXVariantGroup;
			children = (
				35530D02212ABF6000A173D6 /* Base */,
			);
			name = LaunchScreen.storyboard;
			sourceTree = "<group>";
		};
/* End PBXVariantGroup section */

/* Begin XCBuildConfiguration section */
		35530D1B212ABF6000A173D6 /* Debug */ = {
			isa = XCBuildConfiguration;
			buildSettings = {
				ALWAYS_SEARCH_USER_PATHS = NO;
				CLANG_ANALYZER_NONNULL = YES;
				CLANG_ANALYZER_NUMBER_OBJECT_CONVERSION = YES_AGGRESSIVE;
				CLANG_CXX_LANGUAGE_STANDARD = "gnu++14";
				CLANG_CXX_LIBRARY = "libc++";
				CLANG_ENABLE_MODULES = YES;
				CLANG_ENABLE_OBJC_ARC = YES;
				CLANG_ENABLE_OBJC_WEAK = YES;
				CLANG_WARN_BLOCK_CAPTURE_AUTORELEASING = YES;
				CLANG_WARN_BOOL_CONVERSION = YES;
				CLANG_WARN_COMMA = YES;
				CLANG_WARN_CONSTANT_CONVERSION = YES;
				CLANG_WARN_DEPRECATED_OBJC_IMPLEMENTATIONS = YES;
				CLANG_WARN_DIRECT_OBJC_ISA_USAGE = YES_ERROR;
				CLANG_WARN_DOCUMENTATION_COMMENTS = YES;
				CLANG_WARN_EMPTY_BODY = YES;
				CLANG_WARN_ENUM_CONVERSION = YES;
				CLANG_WARN_INFINITE_RECURSION = YES;
				CLANG_WARN_INT_CONVERSION = YES;
				CLANG_WARN_NON_LITERAL_NULL_CONVERSION = YES;
				CLANG_WARN_OBJC_IMPLICIT_RETAIN_SELF = YES;
				CLANG_WARN_OBJC_LITERAL_CONVERSION = YES;
				CLANG_WARN_OBJC_ROOT_CLASS = YES_ERROR;
				CLANG_WARN_RANGE_LOOP_ANALYSIS = YES;
				CLANG_WARN_STRICT_PROTOTYPES = YES;
				CLANG_WARN_SUSPICIOUS_MOVE = YES;
				CLANG_WARN_UNGUARDED_AVAILABILITY = YES_AGGRESSIVE;
				CLANG_WARN_UNREACHABLE_CODE = YES;
				CLANG_WARN__DUPLICATE_METHOD_MATCH = YES;
				CODE_SIGN_IDENTITY = "iPhone Developer";
				COPY_PHASE_STRIP = NO;
				DEBUG_INFORMATION_FORMAT = dwarf;
				ENABLE_STRICT_OBJC_MSGSEND = YES;
				ENABLE_TESTABILITY = YES;
				GCC_C_LANGUAGE_STANDARD = gnu11;
				GCC_DYNAMIC_NO_PIC = NO;
				GCC_NO_COMMON_BLOCKS = YES;
				GCC_OPTIMIZATION_LEVEL = 0;
				GCC_PREPROCESSOR_DEFINITIONS = (
					"DEBUG=1",
					"$(inherited)",
				);
				GCC_WARN_64_TO_32_BIT_CONVERSION = YES;
				GCC_WARN_ABOUT_RETURN_TYPE = YES_ERROR;
				GCC_WARN_UNDECLARED_SELECTOR = YES;
				GCC_WARN_UNINITIALIZED_AUTOS = YES_AGGRESSIVE;
				GCC_WARN_UNUSED_FUNCTION = YES;
				GCC_WARN_UNUSED_VARIABLE = YES;
				IPHONEOS_DEPLOYMENT_TARGET = 12.1;
				MTL_ENABLE_DEBUG_INFO = YES;
				ONLY_ACTIVE_ARCH = YES;
				SDKROOT = iphoneos;
				SWIFT_ACTIVE_COMPILATION_CONDITIONS = DEBUG;
				SWIFT_OPTIMIZATION_LEVEL = "-Onone";
			};
			name = Debug;
		};
		35530D1C212ABF6000A173D6 /* Release */ = {
			isa = XCBuildConfiguration;
			buildSettings = {
				ALWAYS_SEARCH_USER_PATHS = NO;
				CLANG_ANALYZER_NONNULL = YES;
				CLANG_ANALYZER_NUMBER_OBJECT_CONVERSION = YES_AGGRESSIVE;
				CLANG_CXX_LANGUAGE_STANDARD = "gnu++14";
				CLANG_CXX_LIBRARY = "libc++";
				CLANG_ENABLE_MODULES = YES;
				CLANG_ENABLE_OBJC_ARC = YES;
				CLANG_ENABLE_OBJC_WEAK = YES;
				CLANG_WARN_BLOCK_CAPTURE_AUTORELEASING = YES;
				CLANG_WARN_BOOL_CONVERSION = YES;
				CLANG_WARN_COMMA = YES;
				CLANG_WARN_CONSTANT_CONVERSION = YES;
				CLANG_WARN_DEPRECATED_OBJC_IMPLEMENTATIONS = YES;
				CLANG_WARN_DIRECT_OBJC_ISA_USAGE = YES_ERROR;
				CLANG_WARN_DOCUMENTATION_COMMENTS = YES;
				CLANG_WARN_EMPTY_BODY = YES;
				CLANG_WARN_ENUM_CONVERSION = YES;
				CLANG_WARN_INFINITE_RECURSION = YES;
				CLANG_WARN_INT_CONVERSION = YES;
				CLANG_WARN_NON_LITERAL_NULL_CONVERSION = YES;
				CLANG_WARN_OBJC_IMPLICIT_RETAIN_SELF = YES;
				CLANG_WARN_OBJC_LITERAL_CONVERSION = YES;
				CLANG_WARN_OBJC_ROOT_CLASS = YES_ERROR;
				CLANG_WARN_RANGE_LOOP_ANALYSIS = YES;
				CLANG_WARN_STRICT_PROTOTYPES = YES;
				CLANG_WARN_SUSPICIOUS_MOVE = YES;
				CLANG_WARN_UNGUARDED_AVAILABILITY = YES_AGGRESSIVE;
				CLANG_WARN_UNREACHABLE_CODE = YES;
				CLANG_WARN__DUPLICATE_METHOD_MATCH = YES;
				CODE_SIGN_IDENTITY = "iPhone Developer";
				COPY_PHASE_STRIP = NO;
				DEBUG_INFORMATION_FORMAT = "dwarf-with-dsym";
				ENABLE_NS_ASSERTIONS = NO;
				ENABLE_STRICT_OBJC_MSGSEND = YES;
				GCC_C_LANGUAGE_STANDARD = gnu11;
				GCC_NO_COMMON_BLOCKS = YES;
				GCC_WARN_64_TO_32_BIT_CONVERSION = YES;
				GCC_WARN_ABOUT_RETURN_TYPE = YES_ERROR;
				GCC_WARN_UNDECLARED_SELECTOR = YES;
				GCC_WARN_UNINITIALIZED_AUTOS = YES_AGGRESSIVE;
				GCC_WARN_UNUSED_FUNCTION = YES;
				GCC_WARN_UNUSED_VARIABLE = YES;
				IPHONEOS_DEPLOYMENT_TARGET = 12.1;
				MTL_ENABLE_DEBUG_INFO = NO;
				SDKROOT = iphoneos;
				SWIFT_COMPILATION_MODE = wholemodule;
				SWIFT_OPTIMIZATION_LEVEL = "-O";
				VALIDATE_PRODUCT = YES;
			};
			name = Release;
		};
		35530D1E212ABF6000A173D6 /* Debug */ = {
			isa = XCBuildConfiguration;
			baseConfigurationReference = 171CB07844A1183B7A913FDB /* Pods-QuitSmoking.debug.xcconfig */;
			buildSettings = {
				ASSETCATALOG_COMPILER_APPICON_NAME = AppIcon;
				CODE_SIGN_STYLE = Automatic;
				DEVELOPMENT_TEAM = 9QQ297YHC3;
				INFOPLIST_FILE = QuitSmoking/Info.plist;
				IPHONEOS_DEPLOYMENT_TARGET = 12.1;
				LD_RUNPATH_SEARCH_PATHS = (
					"$(inherited)",
					"@executable_path/Frameworks",
				);
				PRODUCT_BUNDLE_IDENTIFIER = de.DreamTeam.QuitSmoking;
				PRODUCT_NAME = "$(TARGET_NAME)";
				SWIFT_VERSION = 4.2;
				TARGETED_DEVICE_FAMILY = "1,2";
			};
			name = Debug;
		};
		35530D1F212ABF6000A173D6 /* Release */ = {
			isa = XCBuildConfiguration;
			baseConfigurationReference = 9009B57933D8CB9765BA67F4 /* Pods-QuitSmoking.release.xcconfig */;
			buildSettings = {
				ASSETCATALOG_COMPILER_APPICON_NAME = AppIcon;
				CODE_SIGN_STYLE = Automatic;
				DEVELOPMENT_TEAM = 9QQ297YHC3;
				INFOPLIST_FILE = QuitSmoking/Info.plist;
				IPHONEOS_DEPLOYMENT_TARGET = 12.1;
				LD_RUNPATH_SEARCH_PATHS = (
					"$(inherited)",
					"@executable_path/Frameworks",
				);
				PRODUCT_BUNDLE_IDENTIFIER = de.DreamTeam.QuitSmoking;
				PRODUCT_NAME = "$(TARGET_NAME)";
				SWIFT_VERSION = 4.2;
				TARGETED_DEVICE_FAMILY = "1,2";
			};
			name = Release;
		};
		35530D21212ABF6000A173D6 /* Debug */ = {
			isa = XCBuildConfiguration;
			baseConfigurationReference = 19191AA4FD056F39B8E11999 /* Pods-QuitSmokingTests.debug.xcconfig */;
			buildSettings = {
				ALWAYS_EMBED_SWIFT_STANDARD_LIBRARIES = YES;
				BUNDLE_LOADER = "$(TEST_HOST)";
				CODE_SIGN_STYLE = Automatic;
				INFOPLIST_FILE = QuitSmokingTests/Info.plist;
				LD_RUNPATH_SEARCH_PATHS = (
					"$(inherited)",
					"@executable_path/Frameworks",
					"@loader_path/Frameworks",
				);
				PRODUCT_BUNDLE_IDENTIFIER = de.DreamTeam.QuitSmokingTests;
				PRODUCT_NAME = "$(TARGET_NAME)";
				SWIFT_VERSION = 4.2;
				TARGETED_DEVICE_FAMILY = "1,2";
				TEST_HOST = "$(BUILT_PRODUCTS_DIR)/QuitSmoking.app/QuitSmoking";
			};
			name = Debug;
		};
		35530D22212ABF6000A173D6 /* Release */ = {
			isa = XCBuildConfiguration;
			baseConfigurationReference = DC600010F0AAF448B080A4EE /* Pods-QuitSmokingTests.release.xcconfig */;
			buildSettings = {
				ALWAYS_EMBED_SWIFT_STANDARD_LIBRARIES = YES;
				BUNDLE_LOADER = "$(TEST_HOST)";
				CODE_SIGN_STYLE = Automatic;
				INFOPLIST_FILE = QuitSmokingTests/Info.plist;
				LD_RUNPATH_SEARCH_PATHS = (
					"$(inherited)",
					"@executable_path/Frameworks",
					"@loader_path/Frameworks",
				);
				PRODUCT_BUNDLE_IDENTIFIER = de.DreamTeam.QuitSmokingTests;
				PRODUCT_NAME = "$(TARGET_NAME)";
				SWIFT_VERSION = 4.2;
				TARGETED_DEVICE_FAMILY = "1,2";
				TEST_HOST = "$(BUILT_PRODUCTS_DIR)/QuitSmoking.app/QuitSmoking";
			};
			name = Release;
		};
		35530D24212ABF6000A173D6 /* Debug */ = {
			isa = XCBuildConfiguration;
			baseConfigurationReference = D33AB0E3D6D7965B8CE8C7CC /* Pods-QuitSmokingUITests.debug.xcconfig */;
			buildSettings = {
				ALWAYS_EMBED_SWIFT_STANDARD_LIBRARIES = YES;
				CODE_SIGN_STYLE = Automatic;
				DEVELOPMENT_TEAM = 9QQ297YHC3;
				INFOPLIST_FILE = QuitSmokingUITests/Info.plist;
				IPHONEOS_DEPLOYMENT_TARGET = 12.1;
				LD_RUNPATH_SEARCH_PATHS = (
					"$(inherited)",
					"@executable_path/Frameworks",
					"@loader_path/Frameworks",
				);
				PRODUCT_BUNDLE_IDENTIFIER = de.DreamTeam.QuitSmokingUITests;
				PRODUCT_NAME = "$(TARGET_NAME)";
				SWIFT_VERSION = 4.2;
				TARGETED_DEVICE_FAMILY = "1,2";
				TEST_TARGET_NAME = QuitSmoking;
			};
			name = Debug;
		};
		35530D25212ABF6000A173D6 /* Release */ = {
			isa = XCBuildConfiguration;
			baseConfigurationReference = 92493D9E366FE965DCFFDCC6 /* Pods-QuitSmokingUITests.release.xcconfig */;
			buildSettings = {
				ALWAYS_EMBED_SWIFT_STANDARD_LIBRARIES = YES;
				CODE_SIGN_STYLE = Automatic;
				DEVELOPMENT_TEAM = 9QQ297YHC3;
				INFOPLIST_FILE = QuitSmokingUITests/Info.plist;
				IPHONEOS_DEPLOYMENT_TARGET = 12.1;
				LD_RUNPATH_SEARCH_PATHS = (
					"$(inherited)",
					"@executable_path/Frameworks",
					"@loader_path/Frameworks",
				);
				PRODUCT_BUNDLE_IDENTIFIER = de.DreamTeam.QuitSmokingUITests;
				PRODUCT_NAME = "$(TARGET_NAME)";
				SWIFT_VERSION = 4.2;
				TARGETED_DEVICE_FAMILY = "1,2";
				TEST_TARGET_NAME = QuitSmoking;
			};
			name = Release;
		};
/* End XCBuildConfiguration section */

/* Begin XCConfigurationList section */
		35530CED212ABF5F00A173D6 /* Build configuration list for PBXProject "QuitSmoking" */ = {
			isa = XCConfigurationList;
			buildConfigurations = (
				35530D1B212ABF6000A173D6 /* Debug */,
				35530D1C212ABF6000A173D6 /* Release */,
			);
			defaultConfigurationIsVisible = 0;
			defaultConfigurationName = Release;
		};
		35530D1D212ABF6000A173D6 /* Build configuration list for PBXNativeTarget "QuitSmoking" */ = {
			isa = XCConfigurationList;
			buildConfigurations = (
				35530D1E212ABF6000A173D6 /* Debug */,
				35530D1F212ABF6000A173D6 /* Release */,
			);
			defaultConfigurationIsVisible = 0;
			defaultConfigurationName = Release;
		};
		35530D20212ABF6000A173D6 /* Build configuration list for PBXNativeTarget "QuitSmokingTests" */ = {
			isa = XCConfigurationList;
			buildConfigurations = (
				35530D21212ABF6000A173D6 /* Debug */,
				35530D22212ABF6000A173D6 /* Release */,
			);
			defaultConfigurationIsVisible = 0;
			defaultConfigurationName = Release;
		};
		35530D23212ABF6000A173D6 /* Build configuration list for PBXNativeTarget "QuitSmokingUITests" */ = {
			isa = XCConfigurationList;
			buildConfigurations = (
				35530D24212ABF6000A173D6 /* Debug */,
				35530D25212ABF6000A173D6 /* Release */,
			);
			defaultConfigurationIsVisible = 0;
			defaultConfigurationName = Release;
		};
/* End XCConfigurationList section */

/* Begin XCVersionGroup section */
		35530CFC212ABF5F00A173D6 /* QuitSmoking.xcdatamodeld */ = {
			isa = XCVersionGroup;
			children = (
				35530CFD212ABF5F00A173D6 /* QuitSmoking.xcdatamodel */,
			);
			currentVersion = 35530CFD212ABF5F00A173D6 /* QuitSmoking.xcdatamodel */;
			path = QuitSmoking.xcdatamodeld;
			sourceTree = "<group>";
			versionGroupType = wrapper.xcdatamodel;
		};
/* End XCVersionGroup section */
	};
	rootObject = 35530CEA212ABF5F00A173D6 /* Project object */;
}
